
Microsoft Visual Studio Solution File, Format Version 12.00
# Visual Studio Version 16
VisualStudioVersion = 16.0.32106.194
MinimumVisualStudioVersion = 10.0.40219.1
Project("{FAE04EC0-301F-11D3-BF4B-00C04F79EFBC}") = "WebApplication1", "WebApplication1\WebApplication1.csproj", "{E558A3A3-7752-4115-80EC-E11B06900F52}"
EndProject
Global
	GlobalSection(SolutionConfigurationPlatforms) = preSolution
		Debug|Any CPU = Debug|Any CPU
		Release|Any CPU = Release|Any CPU
	EndGlobalSection
	GlobalSection(ProjectConfigurationPlatforms) = postSolution
		{E558A3A3-7752-4115-80EC-E11B06900F52}.Debug|Any CPU.ActiveCfg = Debug|Any CPU
		{E558A3A3-7752-4115-80EC-E11B06900F52}.Debug|Any CPU.Build.0 = Debug|Any CPU
		{E558A3A3-7752-4115-80EC-E11B06900F52}.Release|Any CPU.ActiveCfg = Release|Any CPU
		{E558A3A3-7752-4115-80EC-E11B06900F52}.Release|Any CPU.Build.0 = Release|Any CPU
	EndGlobalSection
	GlobalSection(SolutionProperties) = preSolution
		HideSolutionNode = FALSE
	EndGlobalSection
	GlobalSection(ExtensibilityGlobals) = postSolution
		SolutionGuid = {DE72A304-3991-483A-8355-E53C132C9C7E}
	EndGlobalSection
EndGlobal
